[[dependencies]]
name = "@openzeppelin-contracts"
version = "5.5.0-rc.1"
url = "https://soldeer-revisions.s3.amazonaws.com/@openzeppelin-contracts/5_5_0-rc_1_15-10-2025_06:15:18_contracts.zip"
checksum = "c31efe7f5266c6b7033ae25b549c0ca377dbe66bf2cc3d15edc94446b18eed76"
integrity = "3b205d9c049ca08a875e1c711ed16f5927896482dca336f120fed3119cbc733e"

[[dependencies]]
name = "aztec-contracts"
version = "2.0.3"
git = "git@github.com:AztecProtocol/l1-contracts.git"
rev = "f05c11121e3b86fe2664c7c2e651ac93fc8f3915"

[[dependencies]]
name = "forge-std"
version = "1.11.0"
url = "https://soldeer-revisions.s3.amazonaws.com/forge-std/1_11_0_09-10-2025_06:23:22_forge-std-1.11.zip"
checksum = "0290ef84c693dc9086f98f6a9b4a69dc5c2b6aa1cfe10a989bd1def1a456c099"
integrity = "84aa7d32f8c7329468cf16f31f0f74e68072e634fdbde98f3bb00c6b136103b2"
